
Microsoft Visual Studio Solution File, Format Version 12.00
# Visual Studio Version 17
VisualStudioVersion = 17.13.35919.96 d17.13
MinimumVisualStudioVersion = 10.0.40219.1
Project("{FAE04EC0-301F-11D3-BF4B-00C04F79EFBC}") = "Hello_World_CSharp", "Hello_World_CSharp\Hello_World_CSharp.csproj", "{486D915D-CAE1-493C-B237-C2CD4511A65A}"
EndProject
Global
	GlobalSection(SolutionConfigurationPlatforms) = preSolution
		Debug|Any CPU = Debug|Any CPU
		Release|Any CPU = Release|Any CPU
	EndGlobalSection
	GlobalSection(ProjectConfigurationPlatforms) = postSolution
		{486D915D-CAE1-493C-B237-C2CD4511A65A}.Debug|Any CPU.ActiveCfg = Debug|Any CPU
		{486D915D-CAE1-493C-B237-C2CD4511A65A}.Debug|Any CPU.Build.0 = Debug|Any CPU
		{486D915D-CAE1-493C-B237-C2CD4511A65A}.Release|Any CPU.ActiveCfg = Release|Any CPU
		{486D915D-CAE1-493C-B237-C2CD4511A65A}.Release|Any CPU.Build.0 = Release|Any CPU
	EndGlobalSection
	GlobalSection(SolutionProperties) = preSolution
		HideSolutionNode = FALSE
	EndGlobalSection
	GlobalSection(ExtensibilityGlobals) = postSolution
		SolutionGuid = {D1B46CDF-EEA2-4753-901E-DEFE368B0D5A}
	EndGlobalSection
EndGlobal
